
Microsoft Visual Studio Solution File, Format Version 12.00
# Visual Studio Version 16
VisualStudioVersion = 16.0.31729.503
MinimumVisualStudioVersion = 10.0.40219.1
Project("{FAE04EC0-301F-11D3-BF4B-00C04F79EFBC}") = "Module3HW7", "Module3HW7\Module3HW7.csproj", "{AF3C5FD3-28A7-4D7E-A6FE-83DAB30D16FD}"
EndProject
Global
	GlobalSection(SolutionConfigurationPlatforms) = preSolution
		Debug|Any CPU = Debug|Any CPU
		Release|Any CPU = Release|Any CPU
	EndGlobalSection
	GlobalSection(ProjectConfigurationPlatforms) = postSolution
		{AF3C5FD3-28A7-4D7E-A6FE-83DAB30D16FD}.Debug|Any CPU.ActiveCfg = Debug|Any CPU
		{AF3C5FD3-28A7-4D7E-A6FE-83DAB30D16FD}.Debug|Any CPU.Build.0 = Debug|Any CPU
		{AF3C5FD3-28A7-4D7E-A6FE-83DAB30D16FD}.Release|Any CPU.ActiveCfg = Release|Any CPU
		{AF3C5FD3-28A7-4D7E-A6FE-83DAB30D16FD}.Release|Any CPU.Build.0 = Release|Any CPU
	EndGlobalSection
	GlobalSection(SolutionProperties) = preSolution
		HideSolutionNode = FALSE
	EndGlobalSection
	GlobalSection(ExtensibilityGlobals) = postSolution
		SolutionGuid = {4AE2BD96-C382-425B-8199-080F267B2F48}
	EndGlobalSection
EndGlobal
